
Microsoft Visual Studio Solution File, Format Version 12.00
# Visual Studio Version 16
VisualStudioVersion = 16.0.31313.79
MinimumVisualStudioVersion = 10.0.40219.1
Project("{FAE04EC0-301F-11D3-BF4B-00C04F79EFBC}") = "Aula03", "Aula03\Aula03.csproj", "{359C4898-E0DC-440A-BAEA-FB673751789A}"
EndProject
Global
	GlobalSection(SolutionConfigurationPlatforms) = preSolution
		Debug|Any CPU = Debug|Any CPU
		Release|Any CPU = Release|Any CPU
	EndGlobalSection
	GlobalSection(ProjectConfigurationPlatforms) = postSolution
		{359C4898-E0DC-440A-BAEA-FB673751789A}.Debug|Any CPU.ActiveCfg = Debug|Any CPU
		{359C4898-E0DC-440A-BAEA-FB673751789A}.Debug|Any CPU.Build.0 = Debug|Any CPU
		{359C4898-E0DC-440A-BAEA-FB673751789A}.Release|Any CPU.ActiveCfg = Release|Any CPU
		{359C4898-E0DC-440A-BAEA-FB673751789A}.Release|Any CPU.Build.0 = Release|Any CPU
	EndGlobalSection
	GlobalSection(SolutionProperties) = preSolution
		HideSolutionNode = FALSE
	EndGlobalSection
	GlobalSection(ExtensibilityGlobals) = postSolution
		SolutionGuid = {905D3346-03FD-4417-8D15-08C78C25BE4F}
	EndGlobalSection
EndGlobal
