
Microsoft Visual Studio Solution File, Format Version 12.00
# Visual Studio Version 16
VisualStudioVersion = 16.0.31313.79
MinimumVisualStudioVersion = 10.0.40219.1
Project("{FAE04EC0-301F-11D3-BF4B-00C04F79EFBC}") = "Aula 6.2", "Aula 6.2\Aula 6.2.csproj", "{CDDFB6F2-8DE4-4F02-BCC1-D5FF8130CFD3}"
EndProject
Global
	GlobalSection(SolutionConfigurationPlatforms) = preSolution
		Debug|Any CPU = Debug|Any CPU
		Release|Any CPU = Release|Any CPU
	EndGlobalSection
	GlobalSection(ProjectConfigurationPlatforms) = postSolution
		{CDDFB6F2-8DE4-4F02-BCC1-D5FF8130CFD3}.Debug|Any CPU.ActiveCfg = Debug|Any CPU
		{CDDFB6F2-8DE4-4F02-BCC1-D5FF8130CFD3}.Debug|Any CPU.Build.0 = Debug|Any CPU
		{CDDFB6F2-8DE4-4F02-BCC1-D5FF8130CFD3}.Release|Any CPU.ActiveCfg = Release|Any CPU
		{CDDFB6F2-8DE4-4F02-BCC1-D5FF8130CFD3}.Release|Any CPU.Build.0 = Release|Any CPU
	EndGlobalSection
	GlobalSection(SolutionProperties) = preSolution
		HideSolutionNode = FALSE
	EndGlobalSection
	GlobalSection(ExtensibilityGlobals) = postSolution
		SolutionGuid = {CA35AF06-2BDC-4329-A5C3-6AC2CDCE2689}
	EndGlobalSection
EndGlobal
